{
  "name": "temp-test",
  "version": "1.0.0",
  "lockfileVersion": 3,
  "requires": true,
  "packages": {
    "": {
      "name": "temp-test",
      "version": "1.0.0",
      "license": "ISC",
      "dependencies": {
        "@bthornemail/mcp-bridge": "^0.1.2"
      }
    },
    "node_modules/@bthornemail/mcp-bridge": {
      "version": "0.1.2",
      "resolved": "https://registry.npmjs.org/@bthornemail/mcp-bridge/-/mcp-bridge-0.1.2.tgz",
      "integrity": "sha512-rsdzAUk5Aktaq0l+IiCXZG7e81ywE5Ls32imPIonoXepDeeE3G0QPvj3tnicXPLaGT3AASy1xJT6Fxf+uBnOGw==",
      "peerDependencies": {
        "ws": "^8.14.0"
      },
      "peerDependenciesMeta": {
        "ws": {
          "optional": true
        }
      }
    }
  }
}
