# THIS IS AN AUTOGENERATED FILE. DO NOT EDIT THIS FILE DIRECTLY.
# yarn lockfile v1


"@babel/runtime@^7.23.8", "@babel/runtime@^7.24.5":
  version "7.26.0"
  resolved "https://registry.yarnpkg.com/@babel/runtime/-/runtime-7.26.0.tgz#8600c2f595f277c60815256418b85356a65173c1"
  integrity sha512-FDSOghenHTiToteC/QRlv2q3DhPZ/oOXTBoirfWNx1Cx3TMVcGWQtMMmQcSvb/JjpNeGzx8Pq/b4fKEJuWm1sw==
  dependencies:
    regenerator-runtime "^0.14.0"

"@chainsafe/is-ip@^2.0.1":
  version "2.0.2"
  resolved "https://registry.yarnpkg.com/@chainsafe/is-ip/-/is-ip-2.0.2.tgz#7311e7403f11d8c5cfa48111f56fcecaac37c9f6"
  integrity sha512-ndGqEMG1W5WkGagaqOZHpPU172AGdxr+LD15sv3WIUvT5oCFUrG1Y0CW/v2Egwj4JXEvSibaIIIqImsm98y1nA==

"@chainsafe/netmask@^2.0.0":
  version "2.0.0"
  resolved "https://registry.yarnpkg.com/@chainsafe/netmask/-/netmask-2.0.0.tgz#0d4a75f47919f65011da4327a3845c9661f1038a"
  integrity sha512-I3Z+6SWUoaljh3TBzCnCxjlUyN8tA+NAk5L6m9IxvCf1BENQTePzPMis97CoN/iMW1St3WN+AWCCRp+TTBRiDg==
  dependencies:
    "@chainsafe/is-ip" "^2.0.1"

"@helia/interface@^4.3.1":
  version "4.3.1"
  resolved "https://registry.yarnpkg.com/@helia/interface/-/interface-4.3.1.tgz#064ad5a82a3d109c94e16a7a62ccb7faa07ca05b"
  integrity sha512-jvuUUAQbLMhvMt+Lon7mJfJt5xJWiwn8aXtI9fHBpMNMsrKJOtefxAzwSr18xe+C9bMdOyRtocj2eFhs74bQ8w==
  dependencies:
    "@libp2p/interface" "^1.1.4"
    "@multiformats/dns" "^1.0.1"
    interface-blockstore "^5.2.10"
    interface-datastore "^8.2.11"
    interface-store "^5.1.8"
    multiformats "^13.1.0"
    progress-events "^1.0.0"

"@helia/strings@^3.0.0":
  version "3.0.6"
  resolved "https://registry.yarnpkg.com/@helia/strings/-/strings-3.0.6.tgz#c2daa6363bd4ad42e3543657db88ae4ec4559fbb"
  integrity sha512-Dj+wHp9BTSkKHQPEiC3OtVQ97RnUgNr4DGPZnfeiQujUICjTo4OUP8dpefZDuDjJxo1iBjkK0jMIykNZGZrATg==
  dependencies:
    "@helia/interface" "^4.3.1"
    "@libp2p/interface" "^1.1.4"
    interface-blockstore "^5.2.10"
    multiformats "^13.1.0"
    progress-events "^1.0.0"
    uint8arrays "^5.0.2"

"@leichtgewicht/ip-codec@^2.0.1":
  version "2.0.5"
  resolved "https://registry.yarnpkg.com/@leichtgewicht/ip-codec/-/ip-codec-2.0.5.tgz#4fc56c15c580b9adb7dc3c333a134e540b44bfb1"
  integrity sha512-Vo+PSpZG2/fmgmiNzYK9qWRh8h/CHrwD0mo1h1DzL4yzHNSfWYujGTYsWGreD000gcgmZ7K4Ys6Tx9TxtsKdDw==

"@libp2p/interface@^1.1.4", "@libp2p/interface@^1.7.0":
  version "1.7.0"
  resolved "https://registry.yarnpkg.com/@libp2p/interface/-/interface-1.7.0.tgz#b75b6032a6b0d0d5a13e551dcf4d481a8ca9a88f"
  integrity sha512-/zFyaIaIGW0aihhsH7/93vQdpWInUzFocxF11RO/029Y6h0SVjs24HHbils+DqaFDTqN+L7oNlBx2rM2MnmTjA==
  dependencies:
    "@multiformats/multiaddr" "^12.2.3"
    it-pushable "^3.2.3"
    it-stream-types "^2.0.1"
    multiformats "^13.1.0"
    progress-events "^1.0.0"
    uint8arraylist "^2.4.8"

"@libp2p/logger@^4.0.6":
  version "4.0.20"
  resolved "https://registry.yarnpkg.com/@libp2p/logger/-/logger-4.0.20.tgz#bcb7fa83f3803d8ec37926747a18108728589c13"
  integrity sha512-TTh2dhHsOTAlMPxSa9ncFPHa/0jTt+0AQxwHdlxg/OGLAgc9VRhnrhHUbJZp07Crcw4T/MOfS4KhjlxgqYgJRw==
  dependencies:
    "@libp2p/interface" "^1.7.0"
    "@multiformats/multiaddr" "^12.2.3"
    interface-datastore "^8.2.11"
    multiformats "^13.1.0"
    weald "^1.0.2"

"@multiformats/dns@^1.0.1", "@multiformats/dns@^1.0.3":
  version "1.0.6"
  resolved "https://registry.yarnpkg.com/@multiformats/dns/-/dns-1.0.6.tgz#b8c7de11459a02a5f4e609d35d3cdb95cb6ad152"
  integrity sha512-nt/5UqjMPtyvkG9BQYdJ4GfLK3nMqGpFZOzf4hAmIa0sJh2LlS9YKXZ4FgwBDsaHvzZqR/rUFIywIc7pkHNNuw==
  dependencies:
    "@types/dns-packet" "^5.6.5"
    buffer "^6.0.3"
    dns-packet "^5.6.1"
    hashlru "^2.3.0"
    p-queue "^8.0.1"
    progress-events "^1.0.0"
    uint8arrays "^5.0.2"

"@multiformats/multiaddr@^12.2.3":
  version "12.3.4"
  resolved "https://registry.yarnpkg.com/@multiformats/multiaddr/-/multiaddr-12.3.4.tgz#3dd3d7d76f95ce9c8768770e8008a99de9b7ba49"
  integrity sha512-R4pEEUyWGrRo16TSflz80Yr6XNbPirix1pfPqDLXsDZ4aaIrhZ7cez9jnyRQgci6DuuqSyZAdJKV6SdxpZ7Oiw==
  dependencies:
    "@chainsafe/is-ip" "^2.0.1"
    "@chainsafe/netmask" "^2.0.0"
    "@multiformats/dns" "^1.0.3"
    multiformats "^13.0.0"
    uint8-varint "^2.0.1"
    uint8arrays "^5.0.0"

"@types/dns-packet@^5.6.5":
  version "5.6.5"
  resolved "https://registry.yarnpkg.com/@types/dns-packet/-/dns-packet-5.6.5.tgz#49fc29a40f5d30227ed028fa1ee82601d3745e15"
  integrity sha512-qXOC7XLOEe43ehtWJCMnQXvgcIpv6rPmQ1jXT98Ad8A3TB1Ue50jsCbSSSyuazScEuZ/Q026vHbrOTVkmwA+7Q==
  dependencies:
    "@types/node" "*"

"@types/node@*":
  version "22.10.2"
  resolved "https://registry.yarnpkg.com/@types/node/-/node-22.10.2.tgz#a485426e6d1fdafc7b0d4c7b24e2c78182ddabb9"
  integrity sha512-Xxr6BBRCAOQixvonOye19wnzyDiUtTeqldOOmj3CkeblonbccA12PFwlufvRdrpjXxqnmUaeiU5EOA+7s5diUQ==
  dependencies:
    undici-types "~6.20.0"

"@types/readable-stream@^4.0.0", "@types/readable-stream@^4.0.5":
  version "4.0.18"
  resolved "https://registry.yarnpkg.com/@types/readable-stream/-/readable-stream-4.0.18.tgz#5d8d15d26c776500ce573cae580787d149823bfc"
  integrity sha512-21jK/1j+Wg+7jVw1xnSwy/2Q1VgVjWuFssbYGTREPUBeZ+rqVFl2udq0IkxzPC0ZhOzVceUbyIACFZKLqKEBlA==
  dependencies:
    "@types/node" "*"
    safe-buffer "~5.1.1"

"@types/ws@^8.5.9":
  version "8.5.13"
  resolved "https://registry.yarnpkg.com/@types/ws/-/ws-8.5.13.tgz#6414c280875e2691d0d1e080b05addbf5cb91e20"
  integrity sha512-osM/gWBTPKgHV8XkTunnegTRIsvF6owmf5w+JtAfOw472dptdm0dlGv4xCt6GwQRcC2XVOvvRE/0bAoQcL2QkA==
  dependencies:
    "@types/node" "*"

abort-controller@^3.0.0:
  version "3.0.0"
  resolved "https://registry.yarnpkg.com/abort-controller/-/abort-controller-3.0.0.tgz#eaf54d53b62bae4138e809ca225c8439a6efb392"
  integrity sha512-h8lQ8tacZYnR3vNQTgibj+tODHI5/+l06Au2Pcriv/Gmet0eaj4TwWH41sO9wnHDiQsEj19q0drzdWdeAHtweg==
  dependencies:
    event-target-shim "^5.0.0"

base64-js@^1.3.1:
  version "1.5.1"
  resolved "https://registry.yarnpkg.com/base64-js/-/base64-js-1.5.1.tgz#1b1b440160a5bf7ad40b650f095963481903930a"
  integrity sha512-AKpaYlHn8t4SVbOHCy+b5+KKgvR4vrsD8vbvrbiQJps7fKDTkjkDry6ji0rUJjC0kzbNePLwzxq8iypo41qeWA==

bl@^6.0.8:
  version "6.0.16"
  resolved "https://registry.yarnpkg.com/bl/-/bl-6.0.16.tgz#29b190f1a754e2d168de3dc8c74ed8d12bf78e6e"
  integrity sha512-V/kz+z2Mx5/6qDfRCilmrukUXcXuCoXKg3/3hDvzKKoSUx8CJKudfIoT29XZc3UE9xBvxs5qictiHdprwtteEg==
  dependencies:
    "@types/readable-stream" "^4.0.0"
    buffer "^6.0.3"
    inherits "^2.0.4"
    readable-stream "^4.2.0"

blockstore-core@^4.4.0:
  version "4.4.1"
  resolved "https://registry.yarnpkg.com/blockstore-core/-/blockstore-core-4.4.1.tgz#0804c8a00f096c43e1b679b1711a66157a421c5e"
  integrity sha512-peXfL9ZLx1cb84QALocMjhT8CsQ4JsreI/AitlN1inipSdC/G+jcYVJCqeCD5ecSTv/0LMpg8NlAPH/eBYZLjA==
  dependencies:
    "@libp2p/logger" "^4.0.6"
    err-code "^3.0.1"
    interface-blockstore "^5.0.0"
    interface-store "^5.0.0"
    it-drain "^3.0.5"
    it-filter "^3.0.4"
    it-merge "^3.0.3"
    it-pushable "^3.2.3"
    multiformats "^13.0.1"

buffer-from@^1.0.0:
  version "1.1.2"
  resolved "https://registry.yarnpkg.com/buffer-from/-/buffer-from-1.1.2.tgz#2b146a6fd72e80b4f55d255f35ed59a3a9a41bd5"
  integrity sha512-E+XQCRwSbaaiChtv6k6Dwgc+bx+Bs6vuKJHHl5kox/BaKbhiXzqQOwK4cO22yElGp2OCmjwVhT3HmxgyPGnJfQ==

buffer@^6.0.3:
  version "6.0.3"
  resolved "https://registry.yarnpkg.com/buffer/-/buffer-6.0.3.tgz#2ace578459cc8fbe2a70aaa8f52ee63b6a74c6c6"
  integrity sha512-FTiCpNxtwiZZHEZbcbTIcZjERVICn9yq/pDFkTl95/AxzD1naBctN7YO68riM/gLSDY7sdrMby8hofADYuuqOA==
  dependencies:
    base64-js "^1.3.1"
    ieee754 "^1.2.1"

commander@0.6.1:
  version "0.6.1"
  resolved "https://registry.yarnpkg.com/commander/-/commander-0.6.1.tgz#fa68a14f6a945d54dbbe50d8cdb3320e9e3b1a06"
  integrity sha512-0fLycpl1UMTGX257hRsu/arL/cUbcvQM4zMKwvLvzXtfdezIV4yotPS2dYtknF+NmEfWSoCEF6+hj9XLm/6hEw==

commander@^9.0.0:
  version "9.5.0"
  resolved "https://registry.yarnpkg.com/commander/-/commander-9.5.0.tgz#bc08d1eb5cedf7ccb797a96199d41c7bc3e60d30"
  integrity sha512-KRs7WVDKg86PWiuAqhDrAQnTXZKraVcCc6vFdL14qrZ/DcWwuRo7VoiYXalXO7S5GKpqYiVEwCbgFDfxNHKJBQ==

commist@^3.2.0:
  version "3.2.0"
  resolved "https://registry.yarnpkg.com/commist/-/commist-3.2.0.tgz#da9c8e5f245ac21510badc4b10c46b5bcc9b56cd"
  integrity sha512-4PIMoPniho+LqXmpS5d3NuGYncG6XWlkBSVGiWycL22dd42OYdUGil2CWuzklaJoNxyxUSpO4MKIBU94viWNAw==

concat-stream@^2.0.0:
  version "2.0.0"
  resolved "https://registry.yarnpkg.com/concat-stream/-/concat-stream-2.0.0.tgz#414cf5af790a48c60ab9be4527d56d5e41133cb1"
  integrity sha512-MWufYdFw53ccGjCA+Ol7XJYpAlW6/prSMzuPOTRnJGcGzuhLn4Scrz7qf6o8bROZ514ltazcIFJZevcfbo0x7A==
  dependencies:
    buffer-from "^1.0.0"
    inherits "^2.0.3"
    readable-stream "^3.0.2"
    typedarray "^0.0.6"

debug@*, debug@^4.3.1, debug@^4.3.4:
  version "4.4.0"
  resolved "https://registry.yarnpkg.com/debug/-/debug-4.4.0.tgz#2b3f2aea2ffeb776477460267377dc8710faba8a"
  integrity sha512-6WTZ/IxCY/T6BALoZHaE4ctp9xm+Z5kY/pzYaCHRFeyVhojxlrm+46y68HA6hr0TcwEssoxNiDEUJQjfPZ/RYA==
  dependencies:
    ms "^2.1.3"

diff@1.0.2:
  version "1.0.2"
  resolved "https://registry.yarnpkg.com/diff/-/diff-1.0.2.tgz#4ae73f1aee8d6fcf484f1a1ce77ce651d9b7f0c9"
  integrity sha512-BOZXenW4qYFnn8GhH24O4xfjF5CxT01uSYOfF/hGpTGFcs/50zc5nnF1AtV1ePP/ok4hGC9ZENrLtm5jjj16GA==

dns-packet@^5.6.1:
  version "5.6.1"
  resolved "https://registry.yarnpkg.com/dns-packet/-/dns-packet-5.6.1.tgz#ae888ad425a9d1478a0674256ab866de1012cf2f"
  integrity sha512-l4gcSouhcgIKRvyy99RNVOgxXiicE+2jZoNmaNmZ6JXiGajBOJAesk1OBlJuM5k2c+eudGdLxDqXuPCKIj6kpw==
  dependencies:
    "@leichtgewicht/ip-codec" "^2.0.1"

err-code@^3.0.1:
  version "3.0.1"
  resolved "https://registry.yarnpkg.com/err-code/-/err-code-3.0.1.tgz#a444c7b992705f2b120ee320b09972eef331c920"
  integrity sha512-GiaH0KJUewYok+eeY05IIgjtAe4Yltygk9Wqp1V5yVWLdhf0hYZchRjNIT9bb0mSwRcIusT3cx7PJUf3zEIfUA==

event-target-shim@^5.0.0:
  version "5.0.1"
  resolved "https://registry.yarnpkg.com/event-target-shim/-/event-target-shim-5.0.1.tgz#5d4d3ebdf9583d63a5333ce2deb7480ab2b05789"
  integrity sha512-i/2XbnSz/uxRCU6+NdVJgKWDTM427+MqYbkQzD321DuCQJUqOuJKIA0IM2+W2xtYHdKOmZ4dR6fExsd4SXL+WQ==

eventemitter3@^5.0.1:
  version "5.0.1"
  resolved "https://registry.yarnpkg.com/eventemitter3/-/eventemitter3-5.0.1.tgz#53f5ffd0a492ac800721bb42c66b841de96423c4"
  integrity sha512-GWkBvjiSZK87ELrYOSESUYeVIc9mvLLf/nXalMOS5dYrgZq9o5OVkbZAVM06CVxYsCwH9BDZFPlQTlPA1j4ahA==

events@^3.3.0:
  version "3.3.0"
  resolved "https://registry.yarnpkg.com/events/-/events-3.3.0.tgz#31a95ad0a924e2d2c419a813aeb2c4e878ea7400"
  integrity sha512-mQw+2fkQbALzQ7V0MY0IqdnXNOeTtP4r0lN9z7AAawCXgqea7bDii20AYrIBrFd/Hx0M2Ocz6S111CaFkUcb0Q==

fast-unique-numbers@^8.0.13:
  version "8.0.13"
  resolved "https://registry.yarnpkg.com/fast-unique-numbers/-/fast-unique-numbers-8.0.13.tgz#3c87232061ff5f408a216e1f0121232f76f695d7"
  integrity sha512-7OnTFAVPefgw2eBJ1xj2PGGR9FwYzSUso9decayHgCDX4sJkHLdcsYTytTg+tYv+wKF3U8gJuSBz2jJpQV4u/g==
  dependencies:
    "@babel/runtime" "^7.23.8"
    tslib "^2.6.2"

growl@1.7.x:
  version "1.7.0"
  resolved "https://registry.yarnpkg.com/growl/-/growl-1.7.0.tgz#de2d66136d002e112ba70f3f10c31cf7c350b2da"
  integrity sha512-VWv7s1EI41AG2LiCr7uAuxWikLDN1SQOuEUc37d/P34NAIIYgkvWYngNw0d9d9iCrDFL0SYCE9UQpxhIjjtuLg==

hashlru@^2.3.0:
  version "2.3.0"
  resolved "https://registry.yarnpkg.com/hashlru/-/hashlru-2.3.0.tgz#5dc15928b3f6961a2056416bb3a4910216fdfb51"
  integrity sha512-0cMsjjIC8I+D3M44pOQdsy0OHXGLVz6Z0beRuufhKa0KfaD2wGwAev6jILzXsd3/vpnNQJmWyZtIILqM1N+n5A==

help-me@^5.0.0:
  version "5.0.0"
  resolved "https://registry.yarnpkg.com/help-me/-/help-me-5.0.0.tgz#b1ebe63b967b74060027c2ac61f9be12d354a6f6"
  integrity sha512-7xgomUX6ADmcYzFik0HzAxh/73YlKR9bmFzf51CZwR+b6YtzU2m0u49hQCqV6SvlqIqsaxovfwdvbnsw3b/zpg==

ieee754@^1.2.1:
  version "1.2.1"
  resolved "https://registry.yarnpkg.com/ieee754/-/ieee754-1.2.1.tgz#8eb7a10a63fff25d15a57b001586d177d1b0d352"
  integrity sha512-dcyqhDvX1C46lXZcVqCpK+FtMRQVdIMN6/Df5js2zouUsqG7I6sFxitIC+7KYK29KdXOLHdu9zL4sFnoVQnqaA==

inherits@^2.0.3, inherits@^2.0.4:
  version "2.0.4"
  resolved "https://registry.yarnpkg.com/inherits/-/inherits-2.0.4.tgz#0fa2c64f932917c3433a0ded55363aae37416b7c"
  integrity sha512-k/vGaX4/Yla3WzyMCvTQOXYeIHvqOKtnqBduzTHpzpQZzAskKMhZ2K+EnBiSM9zGSoIFeMpXKxa4dYeZIQqewQ==

interface-blockstore@^5.0.0, interface-blockstore@^5.2.10:
  version "5.3.1"
  resolved "https://registry.yarnpkg.com/interface-blockstore/-/interface-blockstore-5.3.1.tgz#03f511431be2b8b04a536eaae8effe4565ea6536"
  integrity sha512-nhgrQnz6yUQEqxTFLhlOBurQOy5lWlwCpgFmZ3GTObTVTQS9RZjK/JTozY6ty9uz2lZs7VFJSqwjWAltorJ4Vw==
  dependencies:
    interface-store "^6.0.0"
    multiformats "^13.2.3"

interface-datastore@^8.2.11:
  version "8.3.1"
  resolved "https://registry.yarnpkg.com/interface-datastore/-/interface-datastore-8.3.1.tgz#c793f990c5cf078a24a8a2ded13f7e2099a2a282"
  integrity sha512-3r0ETmHIi6HmvM5sc09QQiCD3gUfwtEM/AAChOyAd/UAKT69uk8LXfTSUBufbUIO/dU65Vj8nb9O6QjwW8vDSQ==
  dependencies:
    interface-store "^6.0.0"
    uint8arrays "^5.1.0"

interface-store@^5.0.0, interface-store@^5.1.8:
  version "5.1.8"
  resolved "https://registry.yarnpkg.com/interface-store/-/interface-store-5.1.8.tgz#94bf867d165b5c904cccf09adeba215a5b0f459e"
  integrity sha512-7na81Uxkl0vqk0CBPO5PvyTkdaJBaezwUJGsMOz7riPOq0rJt+7W31iaopaMICWea/iykUsvNlPx/Tc+MxC3/w==

interface-store@^6.0.0:
  version "6.0.2"
  resolved "https://registry.yarnpkg.com/interface-store/-/interface-store-6.0.2.tgz#1746a1ee07634f7678b3aa778738b79e3f75c909"
  integrity sha512-KSFCXtBlNoG0hzwNa0RmhHtrdhzexp+S+UY2s0rWTBJyfdEIgn6i6Zl9otVqrcFYbYrneBT7hbmHQ8gE0C3umA==

it-drain@^3.0.5:
  version "3.0.7"
  resolved "https://registry.yarnpkg.com/it-drain/-/it-drain-3.0.7.tgz#671a5d0220802c5bce9e68fc2b07088540fbc674"
  integrity sha512-vy6S1JKjjHSIFHgBpLpD1zhkCRl3z1zYWUxE14+kAYf+BL9ssWSFImJfhl361IIcwr0ofw8etzg11VqqB+ntUA==

it-filter@^3.0.4:
  version "3.1.1"
  resolved "https://registry.yarnpkg.com/it-filter/-/it-filter-3.1.1.tgz#d9f55ecb26200baca41e5e330e5808b3afdfa7b7"
  integrity sha512-TOXmVuaSkxlLp2hXKoMTra0WMZMKVFxE3vSsbIA+PbADNCBAHhjJ/lM31vBOUTddHMO34Ku++vU8T9PLlBxQtg==
  dependencies:
    it-peekable "^3.0.0"

it-merge@^3.0.3:
  version "3.0.5"
  resolved "https://registry.yarnpkg.com/it-merge/-/it-merge-3.0.5.tgz#2b0d1d07c825b9d20c4c2889aab8e07322fd803e"
  integrity sha512-2l7+mPf85pyRF5pqi0dKcA54E5Jm/2FyY5GsOaN51Ta0ipC7YZ3szuAsH8wOoB6eKY4XsU4k2X+mzPmFBMayEA==
  dependencies:
    it-pushable "^3.2.3"

it-peekable@^3.0.0:
  version "3.0.5"
  resolved "https://registry.yarnpkg.com/it-peekable/-/it-peekable-3.0.5.tgz#63b0c750e27e2ba0c1db6d6a3496b7ef51a6547d"
  integrity sha512-JWQOGMt6rKiPcY30zUVMR4g6YxkpueTwHVE7CMs/aGqCf4OydM6w+7ZM3PvmO1e0TocjuR4aL8xyZWR46cTqCQ==

it-pushable@^3.2.3:
  version "3.2.3"
  resolved "https://registry.yarnpkg.com/it-pushable/-/it-pushable-3.2.3.tgz#e2b80aed90cfbcd54b620c0a0785e546d4e5f334"
  integrity sha512-gzYnXYK8Y5t5b/BnJUr7glfQLO4U5vyb05gPx/TyTw+4Bv1zM9gFk4YsOrnulWefMewlphCjKkakFvj1y99Tcg==
  dependencies:
    p-defer "^4.0.0"

it-stream-types@^2.0.1:
  version "2.0.2"
  resolved "https://registry.yarnpkg.com/it-stream-types/-/it-stream-types-2.0.2.tgz#60bbace90096796b4e6cc3bfab99cf9f2b86c152"
  integrity sha512-Rz/DEZ6Byn/r9+/SBCuJhpPATDF9D+dz5pbgSUyBsCDtza6wtNATrz/jz1gDyNanC3XdLboriHnOC925bZRBww==

jade@0.26.3:
  version "0.26.3"
  resolved "https://registry.yarnpkg.com/jade/-/jade-0.26.3.tgz#8f10d7977d8d79f2f6ff862a81b0513ccb25686c"
  integrity sha512-mkk3vzUHFjzKjpCXeu+IjXeZD+QOTjUUdubgmHtHTDwvAO2ZTkMTTVrapts5CWz3JvJryh/4KWZpjeZrCepZ3A==
  dependencies:
    commander "0.6.1"
    mkdirp "0.3.0"

js-sdsl@4.3.0:
  version "4.3.0"
  resolved "https://registry.yarnpkg.com/js-sdsl/-/js-sdsl-4.3.0.tgz#aeefe32a451f7af88425b11fdb5f58c90ae1d711"
  integrity sha512-mifzlm2+5nZ+lEcLJMoBK0/IH/bDg8XnJfd/Wq6IP+xoCjLZsTOnV2QpxlVbX9bMnkl5PdEjNtBJ9Cj1NjifhQ==

lru-cache@^10.0.1:
  version "10.4.3"
  resolved "https://registry.yarnpkg.com/lru-cache/-/lru-cache-10.4.3.tgz#410fc8a17b70e598013df257c2446b7f3383f119"
  integrity sha512-JNAzZcXrCt42VGLuYz0zfAzDfAvJWW6AfYlDBQyDV5DClI2m5sAmK+OIO7s59XfsRsWHp02jAJrRadPRGTt6SQ==

minimist@^1.2.8:
  version "1.2.8"
  resolved "https://registry.yarnpkg.com/minimist/-/minimist-1.2.8.tgz#c1a464e7693302e082a075cee0c057741ac4772c"
  integrity sha512-2yyAR8qBkN3YuheJanUpWC5U3bb5osDywNB8RzDVlDwDHbocAJveqqj1u8+SVD7jkWT4yvsHCpWqqWqAxb0zCA==

mkdirp@0.3.0:
  version "0.3.0"
  resolved "https://registry.yarnpkg.com/mkdirp/-/mkdirp-0.3.0.tgz#1bbf5ab1ba827af23575143490426455f481fe1e"
  integrity sha512-OHsdUcVAQ6pOtg5JYWpCBo9W/GySVuwvP9hueRMW7UqshC0tbfzLv8wjySTPm3tfUZ/21CE9E1pJagOA91Pxew==

mkdirp@0.3.3:
  version "0.3.3"
  resolved "https://registry.yarnpkg.com/mkdirp/-/mkdirp-0.3.3.tgz#595e251c1370c3a68bab2136d0e348b8105adf13"
  integrity sha512-Oamd41MnZw/yuxtarGf3MFbHzFqQY4S17DcN+rATh2t5MKuCtG7vVVRG+RUT6g9+hr47DIVucIHGOUlwmJRvDA==

mocha@~1.8.2:
  version "1.8.2"
  resolved "https://registry.yarnpkg.com/mocha/-/mocha-1.8.2.tgz#fb6b1d07d98f2eba418546844c3be0731f75e390"
  integrity sha512-+QeJMW92PTwTbz0i28m70eWLrvMyAr/2GBSW9mUD8y0HCcvvigNWk/6P7ahnlyw3pDeVVtoYLCUJV/UwBQaUjQ==
  dependencies:
    commander "0.6.1"
    debug "*"
    diff "1.0.2"
    growl "1.7.x"
    jade "0.26.3"
    mkdirp "0.3.3"
    ms "0.3.0"

mqtt-packet@^9.0.1:
  version "9.0.1"
  resolved "https://registry.yarnpkg.com/mqtt-packet/-/mqtt-packet-9.0.1.tgz#2d4f1085f84493ce410ee263a7e4ed113d4351d7"
  integrity sha512-koZF1V/X2RZUI6uD9wN5OK1JxxcG1ofAR4H3LjCw1FkeKzruZQ26aAA6v2m1lZyWONZIR5wMMJFrZJDRNzbiQw==
  dependencies:
    bl "^6.0.8"
    debug "^4.3.4"
    process-nextick-args "^2.0.1"

mqtt@^5.3.4:
  version "5.10.3"
  resolved "https://registry.yarnpkg.com/mqtt/-/mqtt-5.10.3.tgz#bd5222d9efb3e31423ac07866d391827bb921b71"
  integrity sha512-hA/6YrUS4fywhBGCjH/XXUuLeueJiPqruVVWjK2A24Ma4KcWfZ/x8x07aoesBV+HXDWBC08tbT4IWfSXNW0Jtw==
  dependencies:
    "@types/readable-stream" "^4.0.5"
    "@types/ws" "^8.5.9"
    commist "^3.2.0"
    concat-stream "^2.0.0"
    debug "^4.3.4"
    help-me "^5.0.0"
    lru-cache "^10.0.1"
    minimist "^1.2.8"
    mqtt-packet "^9.0.1"
    number-allocator "^1.0.14"
    readable-stream "^4.4.2"
    reinterval "^1.1.0"
    rfdc "^1.3.0"
    split2 "^4.2.0"
    worker-timers "^7.1.4"
    ws "^8.17.1"

ms@0.3.0:
  version "0.3.0"
  resolved "https://registry.yarnpkg.com/ms/-/ms-0.3.0.tgz#03edc348d613e66a56486cfdac53bcbe899cbd61"
  integrity sha512-25BVmSAdN4KRX7XeI6/gwQ9ewx6t9QB9/8X2fVJUUDpPc03qTRaEPgt5bTMZQ5T2l+XT+haSfqIkysOupDsSVQ==

ms@^2.1.3:
  version "2.1.3"
  resolved "https://registry.yarnpkg.com/ms/-/ms-2.1.3.tgz#574c8138ce1d2b5861f0b44579dbadd60c6615b2"
  integrity sha512-6FlzubTLZG3J2a/NVCAleEhjzq5oxgHyaCU9yYXvcLsvoVaHJq/s5xXI6/XXP6tz7R9xAOtHnSO/tXtF3WRTlA==

ms@^3.0.0-canary.1:
  version "3.0.0-canary.1"
  resolved "https://registry.yarnpkg.com/ms/-/ms-3.0.0-canary.1.tgz#c7b34fbce381492fd0b345d1cf56e14d67b77b80"
  integrity sha512-kh8ARjh8rMN7Du2igDRO9QJnqCb2xYTJxyQYK7vJJS4TvLLmsbyhiKpSW+t+y26gyOyMd0riphX0GeWKU3ky5g==

multiformats@^13.0.0, multiformats@^13.0.1, multiformats@^13.1.0, multiformats@^13.2.3:
  version "13.3.1"
  resolved "https://registry.yarnpkg.com/multiformats/-/multiformats-13.3.1.tgz#ea30d134b5697dcf2036ac819a17948f8a1775be"
  integrity sha512-QxowxTNwJ3r5RMctoGA5p13w5RbRT2QDkoM+yFlqfLiioBp78nhDjnRLvmSBI9+KAqN4VdgOVWM9c0CHd86m3g==

nn@^0.0.7:
  version "0.0.7"
  resolved "https://registry.yarnpkg.com/nn/-/nn-0.0.7.tgz#62b416931a483f9c39023694de58cab15b8fdffb"
  integrity sha512-Elc6dy3FfdUWs6YPjwUpFLY9W+FVAqnuDDGQfoLTZuOl7TLK0Kgu6XfEUryKKkTC45fk1h8llYnOQ+BG55X+/w==
  dependencies:
    mocha "~1.8.2"

number-allocator@^1.0.14:
  version "1.0.14"
  resolved "https://registry.yarnpkg.com/number-allocator/-/number-allocator-1.0.14.tgz#1f2e32855498a7740dcc8c78bed54592d930ee4d"
  integrity sha512-OrL44UTVAvkKdOdRQZIJpLkAdjXGTRda052sN4sO77bKEzYYqWKMBjQvrJFzqygI99gL6Z4u2xctPW1tB8ErvA==
  dependencies:
    debug "^4.3.1"
    js-sdsl "4.3.0"

p-defer@^4.0.0:
  version "4.0.1"
  resolved "https://registry.yarnpkg.com/p-defer/-/p-defer-4.0.1.tgz#d12c6d41420785ed0d162dbd86b71ba490f7f99e"
  integrity sha512-Mr5KC5efvAK5VUptYEIopP1bakB85k2IWXaRC0rsh1uwn1L6M0LVml8OIQ4Gudg4oyZakf7FmeRLkMMtZW1i5A==

p-queue@^8.0.1:
  version "8.0.1"
  resolved "https://registry.yarnpkg.com/p-queue/-/p-queue-8.0.1.tgz#718b7f83836922ef213ddec263ff4223ce70bef8"
  integrity sha512-NXzu9aQJTAzbBqOt2hwsR63ea7yvxJc0PwN/zobNAudYfb1B7R08SzB4TsLeSbUCuG467NhnoT0oO6w1qRO+BA==
  dependencies:
    eventemitter3 "^5.0.1"
    p-timeout "^6.1.2"

p-timeout@^6.1.2:
  version "6.1.3"
  resolved "https://registry.yarnpkg.com/p-timeout/-/p-timeout-6.1.3.tgz#9635160c4e10c7b4c3db45b7d5d26f911d9fd853"
  integrity sha512-UJUyfKbwvr/uZSV6btANfb+0t/mOhKV/KXcCUTp8FcQI+v/0d+wXqH4htrW0E4rR6WiEO/EPvUFiV9D5OI4vlw==

process-nextick-args@^2.0.1:
  version "2.0.1"
  resolved "https://registry.yarnpkg.com/process-nextick-args/-/process-nextick-args-2.0.1.tgz#7820d9b16120cc55ca9ae7792680ae7dba6d7fe2"
  integrity sha512-3ouUOpQhtgrbOa17J7+uxOTpITYWaGP7/AhoR3+A+/1e9skrzelGi/dXzEYyvbxubEF6Wn2ypscTKiKJFFn1ag==

process@^0.11.10:
  version "0.11.10"
  resolved "https://registry.yarnpkg.com/process/-/process-0.11.10.tgz#7332300e840161bda3e69a1d1d91a7d4bc16f182"
  integrity sha512-cdGef/drWFoydD1JsMzuFf8100nZl+GT+yacc2bEced5f9Rjk4z+WtFUTBu9PhOi9j/jfmBPu0mMEY4wIdAF8A==

progress-events@^1.0.0:
  version "1.0.1"
  resolved "https://registry.yarnpkg.com/progress-events/-/progress-events-1.0.1.tgz#693b6d4153f08c1418ae3cd5fcad8596c91db7e8"
  integrity sha512-MOzLIwhpt64KIVN64h1MwdKWiyKFNc/S6BoYKPIVUHFg0/eIEyBulhWCgn678v/4c0ri3FdGuzXymNCv02MUIw==

readable-stream@^3.0.2:
  version "3.6.2"
  resolved "https://registry.yarnpkg.com/readable-stream/-/readable-stream-3.6.2.tgz#56a9b36ea965c00c5a93ef31eb111a0f11056967"
  integrity sha512-9u/sniCrY3D5WdsERHzHE4G2YCXqoG5FTHUiCC4SIbr6XcLZBY05ya9EKjYek9O5xOAwjGq+1JdGBAS7Q9ScoA==
  dependencies:
    inherits "^2.0.3"
    string_decoder "^1.1.1"
    util-deprecate "^1.0.1"

readable-stream@^4.2.0, readable-stream@^4.4.2:
  version "4.6.0"
  resolved "https://registry.yarnpkg.com/readable-stream/-/readable-stream-4.6.0.tgz#ce412dfb19c04efde1c5936d99c27f37a1ff94c9"
  integrity sha512-cbAdYt0VcnpN2Bekq7PU+k363ZRsPwJoEEJOEtSJQlJXzwaxt3FIo/uL+KeDSGIjJqtkwyge4KQgD2S2kd+CQw==
  dependencies:
    abort-controller "^3.0.0"
    buffer "^6.0.3"
    events "^3.3.0"
    process "^0.11.10"
    string_decoder "^1.3.0"

regenerator-runtime@^0.14.0:
  version "0.14.1"
  resolved "https://registry.yarnpkg.com/regenerator-runtime/-/regenerator-runtime-0.14.1.tgz#356ade10263f685dda125100cd862c1db895327f"
  integrity sha512-dYnhHh0nJoMfnkZs6GmmhFknAGRrLznOu5nc9ML+EJxGvrx6H7teuevqVqCuPcPK//3eDrrjQhehXVx9cnkGdw==

reinterval@^1.1.0:
  version "1.1.0"
  resolved "https://registry.yarnpkg.com/reinterval/-/reinterval-1.1.0.tgz#3361ecfa3ca6c18283380dd0bb9546f390f5ece7"
  integrity sha512-QIRet3SYrGp0HUHO88jVskiG6seqUGC5iAG7AwI/BV4ypGcuqk9Du6YQBUOUqm9c8pw1eyLoIaONifRua1lsEQ==

rfdc@^1.3.0:
  version "1.4.1"
  resolved "https://registry.yarnpkg.com/rfdc/-/rfdc-1.4.1.tgz#778f76c4fb731d93414e8f925fbecf64cce7f6ca"
  integrity sha512-q1b3N5QkRUWUl7iyylaaj3kOpIT0N2i9MqIEQXP73GVsN9cw3fdx8X63cEmWhJGi2PPCF23Ijp7ktmd39rawIA==

safe-buffer@~5.1.1:
  version "5.1.2"
  resolved "https://registry.yarnpkg.com/safe-buffer/-/safe-buffer-5.1.2.tgz#991ec69d296e0313747d59bdfd2b745c35f8828d"
  integrity sha512-Gd2UZBJDkXlY7GbJxfsE8/nvKkUEU1G38c1siN6QP6a9PT9MmHB8GnpscSmMJSoF8LOIrt8ud/wPtojys4G6+g==

safe-buffer@~5.2.0:
  version "5.2.1"
  resolved "https://registry.yarnpkg.com/safe-buffer/-/safe-buffer-5.2.1.tgz#1eaf9fa9bdb1fdd4ec75f58f9cdb4e6b7827eec6"
  integrity sha512-rp3So07KcdmmKbGvgaNxQSJr7bGVSVk5S9Eq1F+ppbRo70+YeaDxkw5Dd8NPN+GD6bjnYm2VuPuCXmpuYvmCXQ==

showdown@^2.1.0:
  version "2.1.0"
  resolved "https://registry.yarnpkg.com/showdown/-/showdown-2.1.0.tgz#1251f5ed8f773f0c0c7bfc8e6fd23581f9e545c5"
  integrity sha512-/6NVYu4U819R2pUIk79n67SYgJHWCce0a5xTP979WbNp0FL9MN1I1QK662IDU1b6JzKTvmhgI7T7JYIxBi3kMQ==
  dependencies:
    commander "^9.0.0"

split2@^4.2.0:
  version "4.2.0"
  resolved "https://registry.yarnpkg.com/split2/-/split2-4.2.0.tgz#c9c5920904d148bab0b9f67145f245a86aadbfa4"
  integrity sha512-UcjcJOWknrNkF6PLX83qcHM6KHgVKNkV62Y8a5uYDVv9ydGQVwAHMKqHdJje1VTWpljG0WYpCDhrCdAOYH4TWg==

string_decoder@^1.1.1, string_decoder@^1.3.0:
  version "1.3.0"
  resolved "https://registry.yarnpkg.com/string_decoder/-/string_decoder-1.3.0.tgz#42f114594a46cf1a8e30b0a84f56c78c3edac21e"
  integrity sha512-hkRX8U1WjJFd8LsDJ2yQ/wWWxaopEsABU1XfkM8A+j0+85JAGppt16cr1Whg6KIbb4okU6Mql6BOj+uup/wKeA==
  dependencies:
    safe-buffer "~5.2.0"

supports-color@^9.4.0:
  version "9.4.0"
  resolved "https://registry.yarnpkg.com/supports-color/-/supports-color-9.4.0.tgz#17bfcf686288f531db3dea3215510621ccb55954"
  integrity sha512-VL+lNrEoIXww1coLPOmiEmK/0sGigko5COxI09KzHc2VJXJsQ37UaQ+8quuxjDeA7+KnLGTWRyOXSLLR2Wb4jw==

tinyneat@^1.1.0:
  version "1.1.0"
  resolved "https://registry.yarnpkg.com/tinyneat/-/tinyneat-1.1.0.tgz#e8d1b102e7db2d16481cd1193c5cd7cc34e8bf11"
  integrity sha512-VeJuDv6Q9rO1R/i4pPzfwi+zm30hComPC/vpjVIZLhDbNd6750HJfmS9MhFuWeS43OMiCeQzb/rH10Lsaw0SAg==

tslib@^2.6.2:
  version "2.8.1"
  resolved "https://registry.yarnpkg.com/tslib/-/tslib-2.8.1.tgz#612efe4ed235d567e8aba5f2a5fab70280ade83f"
  integrity sha512-oJFu94HQb+KVduSUQL7wnpmqnfmLsOA/nAh6b6EH0wCEoK0/mPeXU6c3wKDV83MkOuHPRHtSXKKU99IBazS/2w==

typedarray@^0.0.6:
  version "0.0.6"
  resolved "https://registry.yarnpkg.com/typedarray/-/typedarray-0.0.6.tgz#867ac74e3864187b1d3d47d996a78ec5c8830777"
  integrity sha512-/aCDEGatGvZ2BIk+HmLf4ifCJFwvKFNb9/JeZPMulfgFracn9QFcAf5GO8B/mweUjSoblS5In0cWhqpfs/5PQA==

uint8-varint@^2.0.1:
  version "2.0.4"
  resolved "https://registry.yarnpkg.com/uint8-varint/-/uint8-varint-2.0.4.tgz#85be52b3849eb30f2c3640a2df8a14364180affb"
  integrity sha512-FwpTa7ZGA/f/EssWAb5/YV6pHgVF1fViKdW8cWaEarjB8t7NyofSWBdOTyFPaGuUG4gx3v1O3PQ8etsiOs3lcw==
  dependencies:
    uint8arraylist "^2.0.0"
    uint8arrays "^5.0.0"

uint8arraylist@^2.0.0, uint8arraylist@^2.4.8:
  version "2.4.8"
  resolved "https://registry.yarnpkg.com/uint8arraylist/-/uint8arraylist-2.4.8.tgz#5a4d17f4defd77799cb38e93fd5db0f0dceddc12"
  integrity sha512-vc1PlGOzglLF0eae1M8mLRTBivsvrGsdmJ5RbK3e+QRvRLOZfZhQROTwH/OfyF3+ZVUg9/8hE8bmKP2CvP9quQ==
  dependencies:
    uint8arrays "^5.0.1"

uint8arrays@^5.0.0, uint8arrays@^5.0.1, uint8arrays@^5.0.2, uint8arrays@^5.1.0:
  version "5.1.0"
  resolved "https://registry.yarnpkg.com/uint8arrays/-/uint8arrays-5.1.0.tgz#14047c9bdf825d025b7391299436e5e50e7270f1"
  integrity sha512-vA6nFepEmlSKkMBnLBaUMVvAC4G3CTmO58C12y4sq6WPDOR7mOFYOi7GlrQ4djeSbP6JG9Pv9tJDM97PedRSww==
  dependencies:
    multiformats "^13.0.0"

undici-types@~6.20.0:
  version "6.20.0"
  resolved "https://registry.yarnpkg.com/undici-types/-/undici-types-6.20.0.tgz#8171bf22c1f588d1554d55bf204bc624af388433"
  integrity sha512-Ny6QZ2Nju20vw1SRHe3d9jVu6gJ+4e3+MMpqu7pqE5HT6WsTSlce++GQmK5UXS8mzV8DSYHrQH+Xrf2jVcuKNg==

util-deprecate@^1.0.1:
  version "1.0.2"
  resolved "https://registry.yarnpkg.com/util-deprecate/-/util-deprecate-1.0.2.tgz#450d4dc9fa70de732762fbd2d4a28981419a0ccf"
  integrity sha512-EPD5q1uXyFxJpCrLnCc1nHnq3gOa6DZBocAIiI2TaSCA7VCJ1UJDMagCzIkXNsUYfD1daK//LTEQ8xiIbrHtcw==

weald@^1.0.2:
  version "1.0.4"
  resolved "https://registry.yarnpkg.com/weald/-/weald-1.0.4.tgz#8858cf9186869deba58357ae10cf26eaada80bb0"
  integrity sha512-+kYTuHonJBwmFhP1Z4YQK/dGi3jAnJGCYhyODFpHK73rbxnp9lnZQj7a2m+WVgn8fXr5bJaxUpF6l8qZpPeNWQ==
  dependencies:
    ms "^3.0.0-canary.1"
    supports-color "^9.4.0"

worker-timers-broker@^6.1.8:
  version "6.1.8"
  resolved "https://registry.yarnpkg.com/worker-timers-broker/-/worker-timers-broker-6.1.8.tgz#08f64e5931b77fadc55f0c7388c077a7dd17e4c7"
  integrity sha512-FUCJu9jlK3A8WqLTKXM9E6kAmI/dR1vAJ8dHYLMisLNB/n3GuaFIjJ7pn16ZcD1zCOf7P6H62lWIEBi+yz/zQQ==
  dependencies:
    "@babel/runtime" "^7.24.5"
    fast-unique-numbers "^8.0.13"
    tslib "^2.6.2"
    worker-timers-worker "^7.0.71"

worker-timers-worker@^7.0.71:
  version "7.0.71"
  resolved "https://registry.yarnpkg.com/worker-timers-worker/-/worker-timers-worker-7.0.71.tgz#f96138bafbcfaabea116603ce23956e05e76db6a"
  integrity sha512-ks/5YKwZsto1c2vmljroppOKCivB/ma97g9y77MAAz2TBBjPPgpoOiS1qYQKIgvGTr2QYPT3XhJWIB6Rj2MVPQ==
  dependencies:
    "@babel/runtime" "^7.24.5"
    tslib "^2.6.2"

worker-timers@^7.1.4:
  version "7.1.8"
  resolved "https://registry.yarnpkg.com/worker-timers/-/worker-timers-7.1.8.tgz#f53072c396ac4264fd3027914f4ab793c92d90be"
  integrity sha512-R54psRKYVLuzff7c1OTFcq/4Hue5Vlz4bFtNEIarpSiCYhpifHU3aIQI29S84o1j87ePCYqbmEJPqwBTf+3sfw==
  dependencies:
    "@babel/runtime" "^7.24.5"
    tslib "^2.6.2"
    worker-timers-broker "^6.1.8"
    worker-timers-worker "^7.0.71"

ws@^8.17.1:
  version "8.18.0"
  resolved "https://registry.yarnpkg.com/ws/-/ws-8.18.0.tgz#0d7505a6eafe2b0e712d232b42279f53bc289bbc"
  integrity sha512-8VbfWfHLbbwu3+N6OKsOMpBdT4kXPDDB9cJk2bJ6mh9ucxdlnNvH1e+roYkKmN9Nxw2yjz7VzeO9oOz2zJ04Pw==
